
Microsoft Visual Studio Solution File, Format Version 12.00
# Visual Studio 15
VisualStudioVersion = 15.0.28010.2003
MinimumVisualStudioVersion = 10.0.40219.1
Project("{FAE04EC0-301F-11D3-BF4B-00C04F79EFBC}") = "Banner.Api", "Banner.Api\Banner.Api.csproj", "{C16D78D5-E064-4545-86FF-181CF3E78D92}"
EndProject
Global
	GlobalSection(SolutionConfigurationPlatforms) = preSolution
		Debug|Any CPU = Debug|Any CPU
		Release|Any CPU = Release|Any CPU
	EndGlobalSection
	GlobalSection(ProjectConfigurationPlatforms) = postSolution
		{C16D78D5-E064-4545-86FF-181CF3E78D92}.Debug|Any CPU.ActiveCfg = Debug|Any CPU
		{C16D78D5-E064-4545-86FF-181CF3E78D92}.Debug|Any CPU.Build.0 = Debug|Any CPU
		{C16D78D5-E064-4545-86FF-181CF3E78D92}.Release|Any CPU.ActiveCfg = Release|Any CPU
		{C16D78D5-E064-4545-86FF-181CF3E78D92}.Release|Any CPU.Build.0 = Release|Any CPU
	EndGlobalSection
	GlobalSection(SolutionProperties) = preSolution
		HideSolutionNode = FALSE
	EndGlobalSection
	GlobalSection(ExtensibilityGlobals) = postSolution
		SolutionGuid = {BB8269A7-06AB-4AC4-A768-F5BB9DD28813}
	EndGlobalSection
EndGlobal
